
Microsoft Visual Studio Solution File, Format Version 12.00
# Visual Studio Version 17
VisualStudioVersion = 17.6.33815.320
MinimumVisualStudioVersion = 10.0.40219.1
Project("{FAE04EC0-301F-11D3-BF4B-00C04F79EFBC}") = "TaskScheduler", "TaskScheduler\TaskScheduler.csproj", "{E25EE7CD-5772-4083-BF6C-7B52C8D295C5}"
EndProject
Global
	GlobalSection(SolutionConfigurationPlatforms) = preSolution
		Debug|Any CPU = Debug|Any CPU
		Release|Any CPU = Release|Any CPU
	EndGlobalSection
	GlobalSection(ProjectConfigurationPlatforms) = postSolution
		{E25EE7CD-5772-4083-BF6C-7B52C8D295C5}.Debug|Any CPU.ActiveCfg = Debug|Any CPU
		{E25EE7CD-5772-4083-BF6C-7B52C8D295C5}.Debug|Any CPU.Build.0 = Debug|Any CPU
		{E25EE7CD-5772-4083-BF6C-7B52C8D295C5}.Release|Any CPU.ActiveCfg = Release|Any CPU
		{E25EE7CD-5772-4083-BF6C-7B52C8D295C5}.Release|Any CPU.Build.0 = Release|Any CPU
	EndGlobalSection
	GlobalSection(SolutionProperties) = preSolution
		HideSolutionNode = FALSE
	EndGlobalSection
	GlobalSection(ExtensibilityGlobals) = postSolution
		SolutionGuid = {29522BEB-1E1D-425F-B1C8-341EC941E3F3}
	EndGlobalSection
EndGlobal
